
Microsoft Visual Studio Solution File, Format Version 12.00
# Visual Studio Version 17
VisualStudioVersion = 17.9.34728.123
MinimumVisualStudioVersion = 10.0.40219.1
Project("{8BC9CEB8-8B4A-11D0-8D11-00A0C91BC942}") = "practikaa", "practikaa\practikaa.vcxproj", "{F3C8E89A-9A11-45DD-A56F-9D02816DB479}"
EndProject
Global
	GlobalSection(SolutionConfigurationPlatforms) = preSolution
		Debug|x64 = Debug|x64
		Debug|x86 = Debug|x86
		Release|x64 = Release|x64
		Release|x86 = Release|x86
	EndGlobalSection
	GlobalSection(ProjectConfigurationPlatforms) = postSolution
		{F3C8E89A-9A11-45DD-A56F-9D02816DB479}.Debug|x64.ActiveCfg = Debug|x64
		{F3C8E89A-9A11-45DD-A56F-9D02816DB479}.Debug|x64.Build.0 = Debug|x64
		{F3C8E89A-9A11-45DD-A56F-9D02816DB479}.Debug|x86.ActiveCfg = Debug|Win32
		{F3C8E89A-9A11-45DD-A56F-9D02816DB479}.Debug|x86.Build.0 = Debug|Win32
		{F3C8E89A-9A11-45DD-A56F-9D02816DB479}.Release|x64.ActiveCfg = Release|x64
		{F3C8E89A-9A11-45DD-A56F-9D02816DB479}.Release|x64.Build.0 = Release|x64
		{F3C8E89A-9A11-45DD-A56F-9D02816DB479}.Release|x86.ActiveCfg = Release|Win32
		{F3C8E89A-9A11-45DD-A56F-9D02816DB479}.Release|x86.Build.0 = Release|Win32
	EndGlobalSection
	GlobalSection(SolutionProperties) = preSolution
		HideSolutionNode = FALSE
	EndGlobalSection
	GlobalSection(ExtensibilityGlobals) = postSolution
		SolutionGuid = {845A48A3-A063-4086-8DD4-857C001F71F8}
	EndGlobalSection
EndGlobal
